
Microsoft Visual Studio Solution File, Format Version 12.00
# Visual Studio Version 17
VisualStudioVersion = 17.13.35931.197
MinimumVisualStudioVersion = 10.0.40219.1
Project("{FAE04EC0-301F-11D3-BF4B-00C04F79EFBC}") = "CSharpEgitimKampi301_EntityLayer", "CSharpEgitimKampi301_EntityLayer\CSharpEgitimKampi301_EntityLayer.csproj", "{D91BA76E-3A17-4D45-8DA1-5EC5333E155F}"
EndProject
Project("{FAE04EC0-301F-11D3-BF4B-00C04F79EFBC}") = "CSharpEgitimKampi301.DataAccessLayer", "CSharpEgitimKampi301.DataAccessLayer\CSharpEgitimKampi301.DataAccessLayer.csproj", "{698B8142-D031-4704-B562-6A1C7F2E0789}"
EndProject
Project("{FAE04EC0-301F-11D3-BF4B-00C04F79EFBC}") = "CSharpEgitimKampi301.BusinessLayer", "CSharpEgitimKampi301.BusinessLayer\CSharpEgitimKampi301.BusinessLayer.csproj", "{0D464ACF-D083-4B70-BE2D-DEB96884D4A3}"
EndProject
Project("{FAE04EC0-301F-11D3-BF4B-00C04F79EFBC}") = "CSharpEgitimKampi301.PresentationLayer", "CSharpEgitimKampi301.PresentationLayer\CSharpEgitimKampi301.PresentationLayer.csproj", "{E76B1146-C691-47EE-94B6-D3102092D1EF}"
EndProject
Project("{FAE04EC0-301F-11D3-BF4B-00C04F79EFBC}") = "CSharpEgitimKampi_301.EFProject", "CSharpEgitimKampi_301.EFProject\CSharpEgitimKampi_301.EFProject.csproj", "{0967FB9C-9D77-4564-953A-BA7EB6D69FD8}"
EndProject
Global
	GlobalSection(SolutionConfigurationPlatforms) = preSolution
		Debug|Any CPU = Debug|Any CPU
		Release|Any CPU = Release|Any CPU
	EndGlobalSection
	GlobalSection(ProjectConfigurationPlatforms) = postSolution
		{D91BA76E-3A17-4D45-8DA1-5EC5333E155F}.Debug|Any CPU.ActiveCfg = Debug|Any CPU
		{D91BA76E-3A17-4D45-8DA1-5EC5333E155F}.Debug|Any CPU.Build.0 = Debug|Any CPU
		{D91BA76E-3A17-4D45-8DA1-5EC5333E155F}.Release|Any CPU.ActiveCfg = Release|Any CPU
		{D91BA76E-3A17-4D45-8DA1-5EC5333E155F}.Release|Any CPU.Build.0 = Release|Any CPU
		{698B8142-D031-4704-B562-6A1C7F2E0789}.Debug|Any CPU.ActiveCfg = Debug|Any CPU
		{698B8142-D031-4704-B562-6A1C7F2E0789}.Debug|Any CPU.Build.0 = Debug|Any CPU
		{698B8142-D031-4704-B562-6A1C7F2E0789}.Release|Any CPU.ActiveCfg = Release|Any CPU
		{698B8142-D031-4704-B562-6A1C7F2E0789}.Release|Any CPU.Build.0 = Release|Any CPU
		{0D464ACF-D083-4B70-BE2D-DEB96884D4A3}.Debug|Any CPU.ActiveCfg = Debug|Any CPU
		{0D464ACF-D083-4B70-BE2D-DEB96884D4A3}.Debug|Any CPU.Build.0 = Debug|Any CPU
		{0D464ACF-D083-4B70-BE2D-DEB96884D4A3}.Release|Any CPU.ActiveCfg = Release|Any CPU
		{0D464ACF-D083-4B70-BE2D-DEB96884D4A3}.Release|Any CPU.Build.0 = Release|Any CPU
		{E76B1146-C691-47EE-94B6-D3102092D1EF}.Debug|Any CPU.ActiveCfg = Debug|Any CPU
		{E76B1146-C691-47EE-94B6-D3102092D1EF}.Debug|Any CPU.Build.0 = Debug|Any CPU
		{E76B1146-C691-47EE-94B6-D3102092D1EF}.Release|Any CPU.ActiveCfg = Release|Any CPU
		{E76B1146-C691-47EE-94B6-D3102092D1EF}.Release|Any CPU.Build.0 = Release|Any CPU
		{0967FB9C-9D77-4564-953A-BA7EB6D69FD8}.Debug|Any CPU.ActiveCfg = Debug|Any CPU
		{0967FB9C-9D77-4564-953A-BA7EB6D69FD8}.Debug|Any CPU.Build.0 = Debug|Any CPU
		{0967FB9C-9D77-4564-953A-BA7EB6D69FD8}.Release|Any CPU.ActiveCfg = Release|Any CPU
		{0967FB9C-9D77-4564-953A-BA7EB6D69FD8}.Release|Any CPU.Build.0 = Release|Any CPU
	EndGlobalSection
	GlobalSection(SolutionProperties) = preSolution
		HideSolutionNode = FALSE
	EndGlobalSection
	GlobalSection(ExtensibilityGlobals) = postSolution
		SolutionGuid = {52AC406C-F2E7-41CC-9AC3-3BA44070ED1B}
	EndGlobalSection
EndGlobal
